
Microsoft Visual Studio Solution File, Format Version 12.00
Project("{FAE04EC0-301F-11D3-BF4B-00C04F79EFBC}") = "DIKUArcade", "..\DIKUArcade\DIKUArcade\DIKUArcade.csproj", "{A1E4E4DF-0967-4096-9E3C-FBC29B7D07DD}"
EndProject
Project("{FAE04EC0-301F-11D3-BF4B-00C04F79EFBC}") = "Galaga-Exercise-1", "Galaga-Exercise-1\Galaga-Exercise-1.csproj", "{F55D0CF2-975F-4814-85A3-1C1730FA6DB8}"
EndProject
Project("{FAE04EC0-301F-11D3-BF4B-00C04F79EFBC}") = "Galaga-Exercise-2", "Galaga-Exercise-2\Galaga-Exercise-2.csproj", "{97B42097-A567-4455-BB91-045FFE82BF85}"
EndProject
Project("{FAE04EC0-301F-11D3-BF4B-00C04F79EFBC}") = "Galaga-Exercise-3", "Galaga-Exercise-3\Galaga-Exercise-3.csproj", "{8A5C1095-838A-4FB6-A14F-B8DC6FFFEECF}"
EndProject
Global
	GlobalSection(SolutionConfigurationPlatforms) = preSolution
		Debug|Any CPU = Debug|Any CPU
		Release|Any CPU = Release|Any CPU
	EndGlobalSection
	GlobalSection(ProjectConfigurationPlatforms) = postSolution
		{A1E4E4DF-0967-4096-9E3C-FBC29B7D07DD}.Debug|Any CPU.ActiveCfg = Debug|Any CPU
		{A1E4E4DF-0967-4096-9E3C-FBC29B7D07DD}.Debug|Any CPU.Build.0 = Debug|Any CPU
		{A1E4E4DF-0967-4096-9E3C-FBC29B7D07DD}.Release|Any CPU.ActiveCfg = Release|Any CPU
		{A1E4E4DF-0967-4096-9E3C-FBC29B7D07DD}.Release|Any CPU.Build.0 = Release|Any CPU
		{F55D0CF2-975F-4814-85A3-1C1730FA6DB8}.Debug|Any CPU.ActiveCfg = Debug|Any CPU
		{F55D0CF2-975F-4814-85A3-1C1730FA6DB8}.Debug|Any CPU.Build.0 = Debug|Any CPU
		{F55D0CF2-975F-4814-85A3-1C1730FA6DB8}.Release|Any CPU.ActiveCfg = Release|Any CPU
		{F55D0CF2-975F-4814-85A3-1C1730FA6DB8}.Release|Any CPU.Build.0 = Release|Any CPU
		{97B42097-A567-4455-BB91-045FFE82BF85}.Debug|Any CPU.ActiveCfg = Debug|Any CPU
		{97B42097-A567-4455-BB91-045FFE82BF85}.Debug|Any CPU.Build.0 = Debug|Any CPU
		{97B42097-A567-4455-BB91-045FFE82BF85}.Release|Any CPU.ActiveCfg = Release|Any CPU
		{97B42097-A567-4455-BB91-045FFE82BF85}.Release|Any CPU.Build.0 = Release|Any CPU
		{8A5C1095-838A-4FB6-A14F-B8DC6FFFEECF}.Debug|Any CPU.ActiveCfg = Debug|Any CPU
		{8A5C1095-838A-4FB6-A14F-B8DC6FFFEECF}.Debug|Any CPU.Build.0 = Debug|Any CPU
		{8A5C1095-838A-4FB6-A14F-B8DC6FFFEECF}.Release|Any CPU.ActiveCfg = Release|Any CPU
		{8A5C1095-838A-4FB6-A14F-B8DC6FFFEECF}.Release|Any CPU.Build.0 = Release|Any CPU
	EndGlobalSection
EndGlobal
