
Microsoft Visual Studio Solution File, Format Version 12.00
# Visual Studio 2012
Project("{FAE04EC0-301F-11D3-BF4B-00C04F79EFBC}") = "SU18-Exercise", "SU18-Exercise.csproj", "{13BA0A2E-5E9D-4DA0-AC13-4D180B19656F}"
EndProject
Global
	GlobalSection(SolutionConfigurationPlatforms) = preSolution
		Debug|Any CPU = Debug|Any CPU
		Release|Any CPU = Release|Any CPU
	EndGlobalSection
	GlobalSection(ProjectConfigurationPlatforms) = postSolution
		{13BA0A2E-5E9D-4DA0-AC13-4D180B19656F}.Debug|Any CPU.ActiveCfg = Debug|Any CPU
		{13BA0A2E-5E9D-4DA0-AC13-4D180B19656F}.Debug|Any CPU.Build.0 = Debug|Any CPU
		{13BA0A2E-5E9D-4DA0-AC13-4D180B19656F}.Release|Any CPU.ActiveCfg = Release|Any CPU
		{13BA0A2E-5E9D-4DA0-AC13-4D180B19656F}.Release|Any CPU.Build.0 = Release|Any CPU
	EndGlobalSection
EndGlobal
